
Microsoft Visual Studio Solution File, Format Version 12.00
# Visual Studio Version 16
VisualStudioVersion = 16.0.29728.190
MinimumVisualStudioVersion = 10.0.40219.1
Project("{FAE04EC0-301F-11D3-BF4B-00C04F79EFBC}") = "TicketSysteem", "TicketSysteem\TicketSysteem.csproj", "{44076A1F-D1FD-4D24-9D1B-E05F1219DA02}"
EndProject
Global
	GlobalSection(SolutionConfigurationPlatforms) = preSolution
		Debug|Any CPU = Debug|Any CPU
		Release|Any CPU = Release|Any CPU
	EndGlobalSection
	GlobalSection(ProjectConfigurationPlatforms) = postSolution
		{44076A1F-D1FD-4D24-9D1B-E05F1219DA02}.Debug|Any CPU.ActiveCfg = Debug|Any CPU
		{44076A1F-D1FD-4D24-9D1B-E05F1219DA02}.Debug|Any CPU.Build.0 = Debug|Any CPU
		{44076A1F-D1FD-4D24-9D1B-E05F1219DA02}.Release|Any CPU.ActiveCfg = Release|Any CPU
		{44076A1F-D1FD-4D24-9D1B-E05F1219DA02}.Release|Any CPU.Build.0 = Release|Any CPU
	EndGlobalSection
	GlobalSection(SolutionProperties) = preSolution
		HideSolutionNode = FALSE
	EndGlobalSection
	GlobalSection(ExtensibilityGlobals) = postSolution
		SolutionGuid = {48E37380-0619-4410-A607-87CE13FE9FA5}
	EndGlobalSection
EndGlobal
